
Microsoft Visual Studio Solution File, Format Version 12.00
# Visual Studio Version 16
VisualStudioVersion = 16.0.32428.217
MinimumVisualStudioVersion = 10.0.40219.1
Project("{FAE04EC0-301F-11D3-BF4B-00C04F79EFBC}") = "Lab6Var10", "Lab6Var10.csproj", "{0DDA56C3-E2B9-4100-ACDC-0A95BEB83256}"
EndProject
Global
	GlobalSection(SolutionConfigurationPlatforms) = preSolution
		Debug|Any CPU = Debug|Any CPU
		Release|Any CPU = Release|Any CPU
	EndGlobalSection
	GlobalSection(ProjectConfigurationPlatforms) = postSolution
		{0DDA56C3-E2B9-4100-ACDC-0A95BEB83256}.Debug|Any CPU.ActiveCfg = Debug|Any CPU
		{0DDA56C3-E2B9-4100-ACDC-0A95BEB83256}.Debug|Any CPU.Build.0 = Debug|Any CPU
		{0DDA56C3-E2B9-4100-ACDC-0A95BEB83256}.Release|Any CPU.ActiveCfg = Release|Any CPU
		{0DDA56C3-E2B9-4100-ACDC-0A95BEB83256}.Release|Any CPU.Build.0 = Release|Any CPU
	EndGlobalSection
	GlobalSection(SolutionProperties) = preSolution
		HideSolutionNode = FALSE
	EndGlobalSection
	GlobalSection(ExtensibilityGlobals) = postSolution
		SolutionGuid = {5A418686-1DA6-49EC-AF6E-75489E3BA352}
	EndGlobalSection
EndGlobal
